
Microsoft Visual Studio Solution File, Format Version 12.00
# Visual Studio 14
VisualStudioVersion = 14.0.24720.0
MinimumVisualStudioVersion = 10.0.40219.1
Project("{FAE04EC0-301F-11D3-BF4B-00C04F79EFBC}") = "InterfaceThingifier", "InterfaceThingifier\InterfaceThingifier.csproj", "{274DBA90-F8C0-48DE-AA87-67DA4BE78772}"
EndProject
Project("{FAE04EC0-301F-11D3-BF4B-00C04F79EFBC}") = "ToggleMonkey", "ToggleMonkey\ToggleMonkey.csproj", "{D16B00B5-6ECB-4581-832C-572F19284536}"
EndProject
Global
	GlobalSection(SolutionConfigurationPlatforms) = preSolution
		Debug|Any CPU = Debug|Any CPU
		Release|Any CPU = Release|Any CPU
	EndGlobalSection
	GlobalSection(ProjectConfigurationPlatforms) = postSolution
		{274DBA90-F8C0-48DE-AA87-67DA4BE78772}.Debug|Any CPU.ActiveCfg = Debug|Any CPU
		{274DBA90-F8C0-48DE-AA87-67DA4BE78772}.Debug|Any CPU.Build.0 = Debug|Any CPU
		{274DBA90-F8C0-48DE-AA87-67DA4BE78772}.Release|Any CPU.ActiveCfg = Release|Any CPU
		{274DBA90-F8C0-48DE-AA87-67DA4BE78772}.Release|Any CPU.Build.0 = Release|Any CPU
		{D16B00B5-6ECB-4581-832C-572F19284536}.Debug|Any CPU.ActiveCfg = Debug|Any CPU
		{D16B00B5-6ECB-4581-832C-572F19284536}.Debug|Any CPU.Build.0 = Debug|Any CPU
		{D16B00B5-6ECB-4581-832C-572F19284536}.Release|Any CPU.ActiveCfg = Release|Any CPU
		{D16B00B5-6ECB-4581-832C-572F19284536}.Release|Any CPU.Build.0 = Release|Any CPU
	EndGlobalSection
	GlobalSection(SolutionProperties) = preSolution
		HideSolutionNode = FALSE
	EndGlobalSection
EndGlobal
